
Microsoft Visual Studio Solution File, Format Version 12.00
# Visual Studio Version 16
VisualStudioVersion = 16.0.29025.244
MinimumVisualStudioVersion = 10.0.40219.1
Project("{FAE04EC0-301F-11D3-BF4B-00C04F79EFBC}") = "Store.Dtos", "Store.Dtos\Store.Dtos.csproj", "{6ADD88EC-5D48-4CA6-9ED4-33BD7CE898CE}"
EndProject
Project("{FAE04EC0-301F-11D3-BF4B-00C04F79EFBC}") = "Store.Entities", "Store.Entities\Store.Entities.csproj", "{CEA7AB8A-B1F0-466B-B54F-AA5C03ADE891}"
EndProject
Project("{FAE04EC0-301F-11D3-BF4B-00C04F79EFBC}") = "Store.WebApi", "Store.WebApi\Store.WebApi.csproj", "{DAA8953A-AA2A-4027-997F-9CAAE3E9CE3F}"
EndProject
Project("{FAE04EC0-301F-11D3-BF4B-00C04F79EFBC}") = "Store.DataAccess", "Store.DataAccess\Store.DataAccess.csproj", "{D91D2313-E545-4D7A-9988-5F67400E7400}"
EndProject
Project("{FAE04EC0-301F-11D3-BF4B-00C04F79EFBC}") = "Store.Core", "Store.Core\Store.Core.csproj", "{2B06102B-35AB-450A-BB2B-572B569AAE1F}"
EndProject
Project("{FAE04EC0-301F-11D3-BF4B-00C04F79EFBC}") = "Store.Business", "Store.Business\Store.Business.csproj", "{91827933-78AF-48DB-ABA1-DBF7584054B3}"
EndProject
Global
	GlobalSection(SolutionConfigurationPlatforms) = preSolution
		Debug|Any CPU = Debug|Any CPU
		Release|Any CPU = Release|Any CPU
	EndGlobalSection
	GlobalSection(ProjectConfigurationPlatforms) = postSolution
		{6ADD88EC-5D48-4CA6-9ED4-33BD7CE898CE}.Debug|Any CPU.ActiveCfg = Debug|Any CPU
		{6ADD88EC-5D48-4CA6-9ED4-33BD7CE898CE}.Debug|Any CPU.Build.0 = Debug|Any CPU
		{6ADD88EC-5D48-4CA6-9ED4-33BD7CE898CE}.Release|Any CPU.ActiveCfg = Release|Any CPU
		{6ADD88EC-5D48-4CA6-9ED4-33BD7CE898CE}.Release|Any CPU.Build.0 = Release|Any CPU
		{CEA7AB8A-B1F0-466B-B54F-AA5C03ADE891}.Debug|Any CPU.ActiveCfg = Debug|Any CPU
		{CEA7AB8A-B1F0-466B-B54F-AA5C03ADE891}.Debug|Any CPU.Build.0 = Debug|Any CPU
		{CEA7AB8A-B1F0-466B-B54F-AA5C03ADE891}.Release|Any CPU.ActiveCfg = Release|Any CPU
		{CEA7AB8A-B1F0-466B-B54F-AA5C03ADE891}.Release|Any CPU.Build.0 = Release|Any CPU
		{DAA8953A-AA2A-4027-997F-9CAAE3E9CE3F}.Debug|Any CPU.ActiveCfg = Debug|Any CPU
		{DAA8953A-AA2A-4027-997F-9CAAE3E9CE3F}.Debug|Any CPU.Build.0 = Debug|Any CPU
		{DAA8953A-AA2A-4027-997F-9CAAE3E9CE3F}.Release|Any CPU.ActiveCfg = Release|Any CPU
		{DAA8953A-AA2A-4027-997F-9CAAE3E9CE3F}.Release|Any CPU.Build.0 = Release|Any CPU
		{D91D2313-E545-4D7A-9988-5F67400E7400}.Debug|Any CPU.ActiveCfg = Debug|Any CPU
		{D91D2313-E545-4D7A-9988-5F67400E7400}.Debug|Any CPU.Build.0 = Debug|Any CPU
		{D91D2313-E545-4D7A-9988-5F67400E7400}.Release|Any CPU.ActiveCfg = Release|Any CPU
		{D91D2313-E545-4D7A-9988-5F67400E7400}.Release|Any CPU.Build.0 = Release|Any CPU
		{2B06102B-35AB-450A-BB2B-572B569AAE1F}.Debug|Any CPU.ActiveCfg = Debug|Any CPU
		{2B06102B-35AB-450A-BB2B-572B569AAE1F}.Debug|Any CPU.Build.0 = Debug|Any CPU
		{2B06102B-35AB-450A-BB2B-572B569AAE1F}.Release|Any CPU.ActiveCfg = Release|Any CPU
		{2B06102B-35AB-450A-BB2B-572B569AAE1F}.Release|Any CPU.Build.0 = Release|Any CPU
		{91827933-78AF-48DB-ABA1-DBF7584054B3}.Debug|Any CPU.ActiveCfg = Debug|Any CPU
		{91827933-78AF-48DB-ABA1-DBF7584054B3}.Debug|Any CPU.Build.0 = Debug|Any CPU
		{91827933-78AF-48DB-ABA1-DBF7584054B3}.Release|Any CPU.ActiveCfg = Release|Any CPU
		{91827933-78AF-48DB-ABA1-DBF7584054B3}.Release|Any CPU.Build.0 = Release|Any CPU
	EndGlobalSection
	GlobalSection(SolutionProperties) = preSolution
		HideSolutionNode = FALSE
	EndGlobalSection
	GlobalSection(ExtensibilityGlobals) = postSolution
		SolutionGuid = {7F1D9BB4-39B5-40DF-8084-2E199CFAC0A5}
	EndGlobalSection
EndGlobal
